
Microsoft Visual Studio Solution File, Format Version 12.00
# Visual Studio 14
VisualStudioVersion = 14.0.25420.1
MinimumVisualStudioVersion = 10.0.40219.1
Project("{2150E333-8FDC-42A3-9474-1A3956D46DE8}") = "Common 基础结构层", "Common 基础结构层", "{3C74C6A8-A48F-43EC-BD2B-3A3F0929BDBB}"
EndProject
Project("{2150E333-8FDC-42A3-9474-1A3956D46DE8}") = "Domain 应用服务", "Domain 应用服务", "{B55F0F8C-93E0-48C9-B88B-8FDF320A14EE}"
EndProject
Project("{FAE04EC0-301F-11D3-BF4B-00C04F79EFBC}") = "Zeus.Core", "Zeus.Core\Zeus.Core.csproj", "{0B75F595-A05D-4385-A7F3-6FF07FA4426B}"
EndProject
Project("{FAE04EC0-301F-11D3-BF4B-00C04F79EFBC}") = "Zeus.Application", "Zeus.Application\Zeus.Application.csproj", "{55D6AF84-EAD5-48A2-A99D-D62CC3C8F2C3}"
EndProject
Project("{FAE04EC0-301F-11D3-BF4B-00C04F79EFBC}") = "Zeus.Domain", "Zeus.Domain\Zeus.Domain.csproj", "{C09BE0C3-5B9A-444B-BFFB-825613121A1B}"
EndProject
Project("{FAE04EC0-301F-11D3-BF4B-00C04F79EFBC}") = "Zeus.Repository", "Zeus.Repository\Zeus.Repository.csproj", "{8415D257-5F85-4A9C-9BCC-ABDF95977F5B}"
EndProject
Project("{2150E333-8FDC-42A3-9474-1A3956D46DE8}") = "Web 应用程序", "Web 应用程序", "{858A169A-1C78-43BC-B337-D1EFE688CF20}"
EndProject
Project("{FAE04EC0-301F-11D3-BF4B-00C04F79EFBC}") = "Zeus.Web", "Zeus.Web\Zeus.Web.csproj", "{00B0A62B-B6FA-409F-92AD-BEC83C2E04C4}"
EndProject
Project("{FAE04EC0-301F-11D3-BF4B-00C04F79EFBC}") = "Zeus.Model", "Zeus.Model\Zeus.Model.csproj", "{962EF7E5-2F0C-4548-97F5-A9779B748549}"
EndProject
Project("{FAE04EC0-301F-11D3-BF4B-00C04F79EFBC}") = "Zeus.IRepository", "Zeus.IRepository\Zeus.IRepository.csproj", "{134346E3-54D7-4A9F-A567-9491CD7EE781}"
EndProject
Global
	GlobalSection(SolutionConfigurationPlatforms) = preSolution
		Debug|Any CPU = Debug|Any CPU
		Release|Any CPU = Release|Any CPU
	EndGlobalSection
	GlobalSection(ProjectConfigurationPlatforms) = postSolution
		{0B75F595-A05D-4385-A7F3-6FF07FA4426B}.Debug|Any CPU.ActiveCfg = Debug|Any CPU
		{0B75F595-A05D-4385-A7F3-6FF07FA4426B}.Debug|Any CPU.Build.0 = Debug|Any CPU
		{0B75F595-A05D-4385-A7F3-6FF07FA4426B}.Release|Any CPU.ActiveCfg = Release|Any CPU
		{0B75F595-A05D-4385-A7F3-6FF07FA4426B}.Release|Any CPU.Build.0 = Release|Any CPU
		{55D6AF84-EAD5-48A2-A99D-D62CC3C8F2C3}.Debug|Any CPU.ActiveCfg = Debug|Any CPU
		{55D6AF84-EAD5-48A2-A99D-D62CC3C8F2C3}.Debug|Any CPU.Build.0 = Debug|Any CPU
		{55D6AF84-EAD5-48A2-A99D-D62CC3C8F2C3}.Release|Any CPU.ActiveCfg = Release|Any CPU
		{55D6AF84-EAD5-48A2-A99D-D62CC3C8F2C3}.Release|Any CPU.Build.0 = Release|Any CPU
		{C09BE0C3-5B9A-444B-BFFB-825613121A1B}.Debug|Any CPU.ActiveCfg = Debug|Any CPU
		{C09BE0C3-5B9A-444B-BFFB-825613121A1B}.Debug|Any CPU.Build.0 = Debug|Any CPU
		{C09BE0C3-5B9A-444B-BFFB-825613121A1B}.Release|Any CPU.ActiveCfg = Release|Any CPU
		{C09BE0C3-5B9A-444B-BFFB-825613121A1B}.Release|Any CPU.Build.0 = Release|Any CPU
		{8415D257-5F85-4A9C-9BCC-ABDF95977F5B}.Debug|Any CPU.ActiveCfg = Debug|Any CPU
		{8415D257-5F85-4A9C-9BCC-ABDF95977F5B}.Debug|Any CPU.Build.0 = Debug|Any CPU
		{8415D257-5F85-4A9C-9BCC-ABDF95977F5B}.Release|Any CPU.ActiveCfg = Release|Any CPU
		{8415D257-5F85-4A9C-9BCC-ABDF95977F5B}.Release|Any CPU.Build.0 = Release|Any CPU
		{00B0A62B-B6FA-409F-92AD-BEC83C2E04C4}.Debug|Any CPU.ActiveCfg = Debug|Any CPU
		{00B0A62B-B6FA-409F-92AD-BEC83C2E04C4}.Debug|Any CPU.Build.0 = Debug|Any CPU
		{00B0A62B-B6FA-409F-92AD-BEC83C2E04C4}.Release|Any CPU.ActiveCfg = Release|Any CPU
		{00B0A62B-B6FA-409F-92AD-BEC83C2E04C4}.Release|Any CPU.Build.0 = Release|Any CPU
		{962EF7E5-2F0C-4548-97F5-A9779B748549}.Debug|Any CPU.ActiveCfg = Debug|Any CPU
		{962EF7E5-2F0C-4548-97F5-A9779B748549}.Debug|Any CPU.Build.0 = Debug|Any CPU
		{962EF7E5-2F0C-4548-97F5-A9779B748549}.Release|Any CPU.ActiveCfg = Release|Any CPU
		{962EF7E5-2F0C-4548-97F5-A9779B748549}.Release|Any CPU.Build.0 = Release|Any CPU
		{134346E3-54D7-4A9F-A567-9491CD7EE781}.Debug|Any CPU.ActiveCfg = Debug|Any CPU
		{134346E3-54D7-4A9F-A567-9491CD7EE781}.Debug|Any CPU.Build.0 = Debug|Any CPU
		{134346E3-54D7-4A9F-A567-9491CD7EE781}.Release|Any CPU.ActiveCfg = Release|Any CPU
		{134346E3-54D7-4A9F-A567-9491CD7EE781}.Release|Any CPU.Build.0 = Release|Any CPU
	EndGlobalSection
	GlobalSection(SolutionProperties) = preSolution
		HideSolutionNode = FALSE
	EndGlobalSection
	GlobalSection(NestedProjects) = preSolution
		{0B75F595-A05D-4385-A7F3-6FF07FA4426B} = {3C74C6A8-A48F-43EC-BD2B-3A3F0929BDBB}
		{55D6AF84-EAD5-48A2-A99D-D62CC3C8F2C3} = {B55F0F8C-93E0-48C9-B88B-8FDF320A14EE}
		{C09BE0C3-5B9A-444B-BFFB-825613121A1B} = {B55F0F8C-93E0-48C9-B88B-8FDF320A14EE}
		{8415D257-5F85-4A9C-9BCC-ABDF95977F5B} = {B55F0F8C-93E0-48C9-B88B-8FDF320A14EE}
		{00B0A62B-B6FA-409F-92AD-BEC83C2E04C4} = {858A169A-1C78-43BC-B337-D1EFE688CF20}
		{962EF7E5-2F0C-4548-97F5-A9779B748549} = {3C74C6A8-A48F-43EC-BD2B-3A3F0929BDBB}
		{134346E3-54D7-4A9F-A567-9491CD7EE781} = {B55F0F8C-93E0-48C9-B88B-8FDF320A14EE}
	EndGlobalSection
EndGlobal
